
Microsoft Visual Studio Solution File, Format Version 12.00
# Visual Studio Version 17
VisualStudioVersion = 17.7.34003.232
MinimumVisualStudioVersion = 10.0.40219.1
Project("{9A19103F-16F7-4668-BE54-9A1E7A4F7556}") = "week2", "week2\week2.csproj", "{C98242CD-DDDB-4731-AFEA-325D3F3C1F81}"
EndProject
Project("{9A19103F-16F7-4668-BE54-9A1E7A4F7556}") = "week1", "week1\week1.csproj", "{341A1910-5416-492E-B6AB-D831A1024E41}"
EndProject
Project("{FAE04EC0-301F-11D3-BF4B-00C04F79EFBC}") = "week3", "week3\week3.csproj", "{54E2C1EC-B235-4173-A7D0-74EEDB34779A}"
EndProject
Global
	GlobalSection(SolutionConfigurationPlatforms) = preSolution
		Debug|Any CPU = Debug|Any CPU
		Release|Any CPU = Release|Any CPU
	EndGlobalSection
	GlobalSection(ProjectConfigurationPlatforms) = postSolution
		{C98242CD-DDDB-4731-AFEA-325D3F3C1F81}.Debug|Any CPU.ActiveCfg = Debug|Any CPU
		{C98242CD-DDDB-4731-AFEA-325D3F3C1F81}.Debug|Any CPU.Build.0 = Debug|Any CPU
		{C98242CD-DDDB-4731-AFEA-325D3F3C1F81}.Release|Any CPU.ActiveCfg = Release|Any CPU
		{C98242CD-DDDB-4731-AFEA-325D3F3C1F81}.Release|Any CPU.Build.0 = Release|Any CPU
		{341A1910-5416-492E-B6AB-D831A1024E41}.Debug|Any CPU.ActiveCfg = Debug|Any CPU
		{341A1910-5416-492E-B6AB-D831A1024E41}.Debug|Any CPU.Build.0 = Debug|Any CPU
		{341A1910-5416-492E-B6AB-D831A1024E41}.Release|Any CPU.ActiveCfg = Release|Any CPU
		{341A1910-5416-492E-B6AB-D831A1024E41}.Release|Any CPU.Build.0 = Release|Any CPU
		{54E2C1EC-B235-4173-A7D0-74EEDB34779A}.Debug|Any CPU.ActiveCfg = Debug|Any CPU
		{54E2C1EC-B235-4173-A7D0-74EEDB34779A}.Debug|Any CPU.Build.0 = Debug|Any CPU
		{54E2C1EC-B235-4173-A7D0-74EEDB34779A}.Release|Any CPU.ActiveCfg = Release|Any CPU
		{54E2C1EC-B235-4173-A7D0-74EEDB34779A}.Release|Any CPU.Build.0 = Release|Any CPU
	EndGlobalSection
	GlobalSection(SolutionProperties) = preSolution
		HideSolutionNode = FALSE
	EndGlobalSection
	GlobalSection(ExtensibilityGlobals) = postSolution
		SolutionGuid = {9884F0BC-8CAE-449F-8AEF-57F8D8475003}
	EndGlobalSection
EndGlobal
